{
  "name": "workspaces-typescript",
  "version": "1.0.0",
  "lockfileVersion": 2,
  "requires": true,
  "packages": {
    "": {
      "name": "workspaces-typescript",
      "version": "1.0.0",
      "license": "ISC",
      "workspaces": [
        "/packages/*"
      ],
      "devDependencies": {
        "typescript": "^4.6.4"
      }
    },
    "node_modules/a": {
      "resolved": "packages/a",
      "link": true
    },
    "node_modules/b": {
      "resolved": "packages/b",
      "link": true
    },
    "node_modules/typescript": {
      "version": "4.6.4",
      "resolved": "https://registry.npmjs.org/typescript/-/typescript-4.6.4.tgz",
      "integrity": "sha512-9ia/jWHIEbo49HfjrLGfKbZSuWo9iTMwXO+Ca3pRsSpbsMbc7/IU8NKdCZVRRBafVPGnoJeFL76ZOAA84I9fEg==",
      "dev": true,
      "bin": {
        "tsc": "bin/tsc",
        "tsserver": "bin/tsserver"
      },
      "engines": {
        "node": ">=4.2.0"
      }
    },
    "packages/a": {
      "version": "1.0.0",
      "license": "ISC"
    },
    "packages/b": {
      "version": "1.0.0",
      "license": "ISC",
      "dependencies": {
        "a": "^1.0.0"
      }
    }
  },
  "dependencies": {
    "a": {
      "version": "file:packages/a"
    },
    "b": {
      "version": "file:packages/b",
      "requires": {
        "a": "*"
      }
    },
    "typescript": {
      "version": "4.6.4",
      "resolved": "https://registry.npmjs.org/typescript/-/typescript-4.6.4.tgz",
      "integrity": "sha512-9ia/jWHIEbo49HfjrLGfKbZSuWo9iTMwXO+Ca3pRsSpbsMbc7/IU8NKdCZVRRBafVPGnoJeFL76ZOAA84I9fEg==",
      "dev": true
    }
  }
}
